
Microsoft Visual Studio Solution File, Format Version 12.00
# Visual Studio 15
VisualStudioVersion = 15.0.28307.102
MinimumVisualStudioVersion = 10.0.40219.1
Project("{FAE04EC0-301F-11D3-BF4B-00C04F79EFBC}") = "WebApplication1", "WebApplication1\WebApplication1.csproj", "{AA1604EB-E4C7-40CD-B7BA-7D339EBD80A4}"
EndProject
Global
	GlobalSection(SolutionConfigurationPlatforms) = preSolution
		Debug|Any CPU = Debug|Any CPU
		Release|Any CPU = Release|Any CPU
	EndGlobalSection
	GlobalSection(ProjectConfigurationPlatforms) = postSolution
		{AA1604EB-E4C7-40CD-B7BA-7D339EBD80A4}.Debug|Any CPU.ActiveCfg = Debug|Any CPU
		{AA1604EB-E4C7-40CD-B7BA-7D339EBD80A4}.Debug|Any CPU.Build.0 = Debug|Any CPU
		{AA1604EB-E4C7-40CD-B7BA-7D339EBD80A4}.Release|Any CPU.ActiveCfg = Release|Any CPU
		{AA1604EB-E4C7-40CD-B7BA-7D339EBD80A4}.Release|Any CPU.Build.0 = Release|Any CPU
	EndGlobalSection
	GlobalSection(SolutionProperties) = preSolution
		HideSolutionNode = FALSE
	EndGlobalSection
	GlobalSection(ExtensibilityGlobals) = postSolution
		SolutionGuid = {79218452-8757-4480-A229-849F69ECF7F3}
	EndGlobalSection
EndGlobal
